
Microsoft Visual Studio Solution File, Format Version 12.00
# Visual Studio 15
VisualStudioVersion = 15.0.26228.4
MinimumVisualStudioVersion = 10.0.40219.1
Project("{FAE04EC0-301F-11D3-BF4B-00C04F79EFBC}") = "ProjectManager.DataLayer", "ProjectManager.DataLayer\ProjectManager.DataLayer.csproj", "{5E01CE7A-7E44-4ACE-9FE7-FBECCA22E826}"
EndProject
Project("{FAE04EC0-301F-11D3-BF4B-00C04F79EFBC}") = "ProjectManagerTest", "ProjectManagerTest\ProjectManagerTest.csproj", "{A2473797-4DE9-4C48-B210-B5C909E61D47}"
EndProject
Project("{FAE04EC0-301F-11D3-BF4B-00C04F79EFBC}") = "ProjectManger.BusinessLayer", "ProjectManger.BusinessLayer\ProjectManger.BusinessLayer.csproj", "{AE4F6E59-58AA-4549-8CB3-FED1170D3F71}"
EndProject
Project("{FAE04EC0-301F-11D3-BF4B-00C04F79EFBC}") = "ProjectManager.ServiceLayer", "ProjectManager.ServiceLayer\ProjectManager.ServiceLayer.csproj", "{73E0291C-87DE-4D23-9C4E-5CBB4E57C2BD}"
EndProject
Global
	GlobalSection(SolutionConfigurationPlatforms) = preSolution
		Debug|Any CPU = Debug|Any CPU
		Release|Any CPU = Release|Any CPU
	EndGlobalSection
	GlobalSection(ProjectConfigurationPlatforms) = postSolution
		{5E01CE7A-7E44-4ACE-9FE7-FBECCA22E826}.Debug|Any CPU.ActiveCfg = Debug|Any CPU
		{5E01CE7A-7E44-4ACE-9FE7-FBECCA22E826}.Debug|Any CPU.Build.0 = Debug|Any CPU
		{5E01CE7A-7E44-4ACE-9FE7-FBECCA22E826}.Release|Any CPU.ActiveCfg = Release|Any CPU
		{5E01CE7A-7E44-4ACE-9FE7-FBECCA22E826}.Release|Any CPU.Build.0 = Release|Any CPU
		{A2473797-4DE9-4C48-B210-B5C909E61D47}.Debug|Any CPU.ActiveCfg = Debug|Any CPU
		{A2473797-4DE9-4C48-B210-B5C909E61D47}.Debug|Any CPU.Build.0 = Debug|Any CPU
		{A2473797-4DE9-4C48-B210-B5C909E61D47}.Release|Any CPU.ActiveCfg = Release|Any CPU
		{A2473797-4DE9-4C48-B210-B5C909E61D47}.Release|Any CPU.Build.0 = Release|Any CPU
		{AE4F6E59-58AA-4549-8CB3-FED1170D3F71}.Debug|Any CPU.ActiveCfg = Debug|Any CPU
		{AE4F6E59-58AA-4549-8CB3-FED1170D3F71}.Debug|Any CPU.Build.0 = Debug|Any CPU
		{AE4F6E59-58AA-4549-8CB3-FED1170D3F71}.Release|Any CPU.ActiveCfg = Release|Any CPU
		{AE4F6E59-58AA-4549-8CB3-FED1170D3F71}.Release|Any CPU.Build.0 = Release|Any CPU
		{73E0291C-87DE-4D23-9C4E-5CBB4E57C2BD}.Debug|Any CPU.ActiveCfg = Debug|Any CPU
		{73E0291C-87DE-4D23-9C4E-5CBB4E57C2BD}.Debug|Any CPU.Build.0 = Debug|Any CPU
		{73E0291C-87DE-4D23-9C4E-5CBB4E57C2BD}.Release|Any CPU.ActiveCfg = Release|Any CPU
		{73E0291C-87DE-4D23-9C4E-5CBB4E57C2BD}.Release|Any CPU.Build.0 = Release|Any CPU
	EndGlobalSection
	GlobalSection(SolutionProperties) = preSolution
		HideSolutionNode = FALSE
	EndGlobalSection
EndGlobal
